// !$*UTF8*$!
{
	archiveVersion = 1;
	classes = {
	};
	objectVersion = 50;
	objects = {

/* Begin PBXBuildFile section */
		55479C2722D102FB006C2DF5 /* AppDelegate.m in Sources */ = {isa = PBXBuildFile; fileRef = 55479C2622D102FB006C2DF5 /* AppDelegate.m */; };
		55479C2A22D102FB006C2DF5 /* ViewController.m in Sources */ = {isa = PBXBuildFile; fileRef = 55479C2922D102FB006C2DF5 /* ViewController.m */; };
		55479C2D22D102FB006C2DF5 /* Main.storyboard in Resources */ = {isa = PBXBuildFile; fileRef = 55479C2B22D102FB006C2DF5 /* Main.storyboard */; };
		55479C2F22D102FC006C2DF5 /* Assets.xcassets in Resources */ = {isa = PBXBuildFile; fileRef = 55479C2E22D102FC006C2DF5 /* Assets.xcassets */; };
		55479C3222D102FC006C2DF5 /* LaunchScreen.storyboard in Resources */ = {isa = PBXBuildFile; fileRef = 55479C3022D102FC006C2DF5 /* LaunchScreen.storyboard */; };
		55479C3522D102FC006C2DF5 /* main.m in Sources */ = {isa = PBXBuildFile; fileRef = 55479C3422D102FC006C2DF5 /* main.m */; };
		55479C4722D103DA006C2DF5 /* AshHookObjcMsgSend.c in Sources */ = {isa = PBXBuildFile; fileRef = 55479C4322D103DA006C2DF5 /* AshHookObjcMsgSend.c */; };
		55479C4822D103DA006C2DF5 /* fishhook.c in Sources */ = {isa = PBXBuildFile; fileRef = 55479C4422D103DA006C2DF5 /* fishhook.c */; };
/* End PBXBuildFile section */

/* Begin PBXFileReference section */
		55479C2222D102FB006C2DF5 /* AshHookObjcMsgSend.app */ = {isa = PBXFileReference; explicitFileType = wrapper.application; includeInIndex = 0; path = AshHookObjcMsgSend.app; sourceTree = BUILT_PRODUCTS_DIR; };
		55479C2522D102FB006C2DF5 /* AppDelegate.h */ = {isa = PBXFileReference; lastKnownFileType = sourcecode.c.h; path = AppDelegate.h; sourceTree = "<group>"; };
		55479C2622D102FB006C2DF5 /* AppDelegate.m */ = {isa = PBXFileReference; lastKnownFileType = sourcecode.c.objc; path = AppDelegate.m; sourceTree = "<group>"; };
		55479C2822D102FB006C2DF5 /* ViewController.h */ = {isa = PBXFileReference; lastKnownFileType = sourcecode.c.h; path = ViewController.h; sourceTree = "<group>"; };
		55479C2922D102FB006C2DF5 /* ViewController.m */ = {isa = PBXFileReference; lastKnownFileType = sourcecode.c.objc; path = ViewController.m; sourceTree = "<group>"; };
		55479C2C22D102FB006C2DF5 /* Base */ = {isa = PBXFileReference; lastKnownFileType = file.storyboard; name = Base; path = Base.lproj/Main.storyboard; sourceTree = "<group>"; };
		55479C2E22D102FC006C2DF5 /* Assets.xcassets */ = {isa = PBXFileReference; lastKnownFileType = folder.assetcatalog; path = Assets.xcassets; sourceTree = "<group>"; };
		55479C3122D102FC006C2DF5 /* Base */ = {isa = PBXFileReference; lastKnownFileType = file.storyboard; name = Base; path = Base.lproj/LaunchScreen.storyboard; sourceTree = "<group>"; };
		55479C3322D102FC006C2DF5 /* Info.plist */ = {isa = PBXFileReference; lastKnownFileType = text.plist.xml; path = Info.plist; sourceTree = "<group>"; };
		55479C3422D102FC006C2DF5 /* main.m */ = {isa = PBXFileReference; lastKnownFileType = sourcecode.c.objc; path = main.m; sourceTree = "<group>"; };
		55479C4322D103DA006C2DF5 /* AshHookObjcMsgSend.c */ = {isa = PBXFileReference; fileEncoding = 4; lastKnownFileType = sourcecode.c.c; path = AshHookObjcMsgSend.c; sourceTree = "<group>"; };
		55479C4422D103DA006C2DF5 /* fishhook.c */ = {isa = PBXFileReference; fileEncoding = 4; lastKnownFileType = sourcecode.c.c; path = fishhook.c; sourceTree = "<group>"; };
		55479C4522D103DA006C2DF5 /* fishhook.h */ = {isa = PBXFileReference; fileEncoding = 4; lastKnownFileType = sourcecode.c.h; path = fishhook.h; sourceTree = "<group>"; };
		55479C4622D103DA006C2DF5 /* AshHookObjcMsgSend.h */ = {isa = PBXFileReference; fileEncoding = 4; lastKnownFileType = sourcecode.c.h; path = AshHookObjcMsgSend.h; sourceTree = "<group>"; };
/* End PBXFileReference section */

/* Begin PBXFrameworksBuildPhase section */
		55479C1F22D102FB006C2DF5 /* Frameworks */ = {
			isa = PBXFrameworksBuildPhase;
			buildActionMask = 2147483647;
			files = (
			);
			runOnlyForDeploymentPostprocessing = 0;
		};
/* End PBXFrameworksBuildPhase section */

/* Begin PBXGroup section */
		55479C1922D102FB006C2DF5 = {
			isa = PBXGroup;
			children = (
				55479C2422D102FB006C2DF5 /* AshHookObjcMsgSend */,
				55479C2322D102FB006C2DF5 /* Products */,
			);
			sourceTree = "<group>";
		};
		55479C2322D102FB006C2DF5 /* Products */ = {
			isa = PBXGroup;
			children = (
				55479C2222D102FB006C2DF5 /* AshHookObjcMsgSend.app */,
			);
			name = Products;
			sourceTree = "<group>";
		};
		55479C2422D102FB006C2DF5 /* AshHookObjcMsgSend */ = {
			isa = PBXGroup;
			children = (
				55479C4222D1039C006C2DF5 /* AshHookObjcMsgSend */,
				55479C2522D102FB006C2DF5 /* AppDelegate.h */,
				55479C2622D102FB006C2DF5 /* AppDelegate.m */,
				55479C2822D102FB006C2DF5 /* ViewController.h */,
				55479C2922D102FB006C2DF5 /* ViewController.m */,
				55479C2B22D102FB006C2DF5 /* Main.storyboard */,
				55479C2E22D102FC006C2DF5 /* Assets.xcassets */,
				55479C3022D102FC006C2DF5 /* LaunchScreen.storyboard */,
				55479C3322D102FC006C2DF5 /* Info.plist */,
				55479C3422D102FC006C2DF5 /* main.m */,
			);
			path = AshHookObjcMsgSend;
			sourceTree = "<group>";
		};
		55479C4222D1039C006C2DF5 /* AshHookObjcMsgSend */ = {
			isa = PBXGroup;
			children = (
				55479C4522D103DA006C2DF5 /* fishhook.h */,
				55479C4422D103DA006C2DF5 /* fishhook.c */,
				55479C4622D103DA006C2DF5 /* AshHookObjcMsgSend.h */,
				55479C4322D103DA006C2DF5 /* AshHookObjcMsgSend.c */,
			);
			path = AshHookObjcMsgSend;
			sourceTree = "<group>";
		};
/* End PBXGroup section */

/* Begin PBXNativeTarget section */
		55479C2122D102FB006C2DF5 /* AshHookObjcMsgSend */ = {
			isa = PBXNativeTarget;
			buildConfigurationList = 55479C3822D102FC006C2DF5 /* Build configuration list for PBXNativeTarget "AshHookObjcMsgSend" */;
			buildPhases = (
				55479C1E22D102FB006C2DF5 /* Sources */,
				55479C1F22D102FB006C2DF5 /* Frameworks */,
				55479C2022D102FB006C2DF5 /* Resources */,
			);
			buildRules = (
			);
			dependencies = (
			);
			name = AshHookObjcMsgSend;
			productName = AshHookObjcMsgSend;
			productReference = 55479C2222D102FB006C2DF5 /* AshHookObjcMsgSend.app */;
			productType = "com.apple.product-type.application";
		};
/* End PBXNativeTarget section */

/* Begin PBXProject section */
		55479C1A22D102FB006C2DF5 /* Project object */ = {
			isa = PBXProject;
			attributes = {
				LastUpgradeCheck = 1020;
				ORGANIZATIONNAME = CrimsonHo;
				TargetAttributes = {
					55479C2122D102FB006C2DF5 = {
						CreatedOnToolsVersion = 10.2;
					};
				};
			};
			buildConfigurationList = 55479C1D22D102FB006C2DF5 /* Build configuration list for PBXProject "AshHookObjcMsgSend" */;
			compatibilityVersion = "Xcode 9.3";
			developmentRegion = en;
			hasScannedForEncodings = 0;
			knownRegions = (
				en,
				Base,
			);
			mainGroup = 55479C1922D102FB006C2DF5;
			productRefGroup = 55479C2322D102FB006C2DF5 /* Products */;
			projectDirPath = "";
			projectRoot = "";
			targets = (
				55479C2122D102FB006C2DF5 /* AshHookObjcMsgSend */,
			);
		};
/* End PBXProject section */

/* Begin PBXResourcesBuildPhase section */
		55479C2022D102FB006C2DF5 /* Resources */ = {
			isa = PBXResourcesBuildPhase;
			buildActionMask = 2147483647;
			files = (
				55479C3222D102FC006C2DF5 /* LaunchScreen.storyboard in Resources */,
				55479C2F22D102FC006C2DF5 /* Assets.xcassets in Resources */,
				55479C2D22D102FB006C2DF5 /* Main.storyboard in Resources */,
			);
			runOnlyForDeploymentPostprocessing = 0;
		};
/* End PBXResourcesBuildPhase section */

/* Begin PBXSourcesBuildPhase section */
		55479C1E22D102FB006C2DF5 /* Sources */ = {
			isa = PBXSourcesBuildPhase;
			buildActionMask = 2147483647;
			files = (
				55479C2A22D102FB006C2DF5 /* ViewController.m in Sources */,
				55479C4822D103DA006C2DF5 /* fishhook.c in Sources */,
				55479C4722D103DA006C2DF5 /* AshHookObjcMsgSend.c in Sources */,
				55479C3522D102FC006C2DF5 /* main.m in Sources */,
				55479C2722D102FB006C2DF5 /* AppDelegate.m in Sources */,
			);
			runOnlyForDeploymentPostprocessing = 0;
		};
/* End PBXSourcesBuildPhase section */

/* Begin PBXVariantGroup section */
		55479C2B22D102FB006C2DF5 /* Main.storyboard */ = {
			isa = PBXVariantGroup;
			children = (
				55479C2C22D102FB006C2DF5 /* Base */,
			);
			name = Main.storyboard;
			sourceTree = "<group>";
		};
		55479C3022D102FC006C2DF5 /* LaunchScreen.storyboard */ = {
			isa = PBXVariantGroup;
			children = (
				55479C3122D102FC006C2DF5 /* Base */,
			);
			name = LaunchScreen.storyboard;
			sourceTree = "<group>";
		};
/* End PBXVariantGroup section */

/* Begin XCBuildConfiguration section */
		55479C3622D102FC006C2DF5 /* Debug */ = {
			isa = XCBuildConfiguration;
			buildSettings = {
				ALWAYS_SEARCH_USER_PATHS = NO;
				CLANG_ANALYZER_NONNULL = YES;
				CLANG_ANALYZER_NUMBER_OBJECT_CONVERSION = YES_AGGRESSIVE;
				CLANG_CXX_LANGUAGE_STANDARD = "gnu++14";
				CLANG_CXX_LIBRARY = "libc++";
				CLANG_ENABLE_MODULES = YES;
				CLANG_ENABLE_OBJC_ARC = YES;
				CLANG_ENABLE_OBJC_WEAK = YES;
				CLANG_WARN_BLOCK_CAPTURE_AUTORELEASING = YES;
				CLANG_WARN_BOOL_CONVERSION = YES;
				CLANG_WARN_COMMA = YES;
				CLANG_WARN_CONSTANT_CONVERSION = YES;
				CLANG_WARN_DEPRECATED_OBJC_IMPLEMENTATIONS = YES;
				CLANG_WARN_DIRECT_OBJC_ISA_USAGE = YES_ERROR;
				CLANG_WARN_DOCUMENTATION_COMMENTS = YES;
				CLANG_WARN_EMPTY_BODY = YES;
				CLANG_WARN_ENUM_CONVERSION = YES;
				CLANG_WARN_INFINITE_RECURSION = YES;
				CLANG_WARN_INT_CONVERSION = YES;
				CLANG_WARN_NON_LITERAL_NULL_CONVERSION = YES;
				CLANG_WARN_OBJC_IMPLICIT_RETAIN_SELF = YES;
				CLANG_WARN_OBJC_LITERAL_CONVERSION = YES;
				CLANG_WARN_OBJC_ROOT_CLASS = YES_ERROR;
				CLANG_WARN_RANGE_LOOP_ANALYSIS = YES;
				CLANG_WARN_STRICT_PROTOTYPES = YES;
				CLANG_WARN_SUSPICIOUS_MOVE = YES;
				CLANG_WARN_UNGUARDED_AVAILABILITY = YES_AGGRESSIVE;
				CLANG_WARN_UNREACHABLE_CODE = YES;
				CLANG_WARN__DUPLICATE_METHOD_MATCH = YES;
				CODE_SIGN_IDENTITY = "iPhone Developer";
				COPY_PHASE_STRIP = NO;
				DEBUG_INFORMATION_FORMAT = dwarf;
				ENABLE_STRICT_OBJC_MSGSEND = YES;
				ENABLE_TESTABILITY = YES;
				GCC_C_LANGUAGE_STANDARD = gnu11;
				GCC_DYNAMIC_NO_PIC = NO;
				GCC_NO_COMMON_BLOCKS = YES;
				GCC_OPTIMIZATION_LEVEL = 0;
				GCC_PREPROCESSOR_DEFINITIONS = (
					"DEBUG=1",
					"$(inherited)",
				);
				GCC_WARN_64_TO_32_BIT_CONVERSION = YES;
				GCC_WARN_ABOUT_RETURN_TYPE = YES_ERROR;
				GCC_WARN_UNDECLARED_SELECTOR = YES;
				GCC_WARN_UNINITIALIZED_AUTOS = YES_AGGRESSIVE;
				GCC_WARN_UNUSED_FUNCTION = YES;
				GCC_WARN_UNUSED_VARIABLE = YES;
				IPHONEOS_DEPLOYMENT_TARGET = 12.2;
				MTL_ENABLE_DEBUG_INFO = INCLUDE_SOURCE;
				MTL_FAST_MATH = YES;
				ONLY_ACTIVE_ARCH = YES;
				SDKROOT = iphoneos;
			};
			name = Debug;
		};
		55479C3722D102FC006C2DF5 /* Release */ = {
			isa = XCBuildConfiguration;
			buildSettings = {
				ALWAYS_SEARCH_USER_PATHS = NO;
				CLANG_ANALYZER_NONNULL = YES;
				CLANG_ANALYZER_NUMBER_OBJECT_CONVERSION = YES_AGGRESSIVE;
				CLANG_CXX_LANGUAGE_STANDARD = "gnu++14";
				CLANG_CXX_LIBRARY = "libc++";
				CLANG_ENABLE_MODULES = YES;
				CLANG_ENABLE_OBJC_ARC = YES;
				CLANG_ENABLE_OBJC_WEAK = YES;
				CLANG_WARN_BLOCK_CAPTURE_AUTORELEASING = YES;
				CLANG_WARN_BOOL_CONVERSION = YES;
				CLANG_WARN_COMMA = YES;
				CLANG_WARN_CONSTANT_CONVERSION = YES;
				CLANG_WARN_DEPRECATED_OBJC_IMPLEMENTATIONS = YES;
				CLANG_WARN_DIRECT_OBJC_ISA_USAGE = YES_ERROR;
				CLANG_WARN_DOCUMENTATION_COMMENTS = YES;
				CLANG_WARN_EMPTY_BODY = YES;
				CLANG_WARN_ENUM_CONVERSION = YES;
				CLANG_WARN_INFINITE_RECURSION = YES;
				CLANG_WARN_INT_CONVERSION = YES;
				CLANG_WARN_NON_LITERAL_NULL_CONVERSION = YES;
				CLANG_WARN_OBJC_IMPLICIT_RETAIN_SELF = YES;
				CLANG_WARN_OBJC_LITERAL_CONVERSION = YES;
				CLANG_WARN_OBJC_ROOT_CLASS = YES_ERROR;
				CLANG_WARN_RANGE_LOOP_ANALYSIS = YES;
				CLANG_WARN_STRICT_PROTOTYPES = YES;
				CLANG_WARN_SUSPICIOUS_MOVE = YES;
				CLANG_WARN_UNGUARDED_AVAILABILITY = YES_AGGRESSIVE;
				CLANG_WARN_UNREACHABLE_CODE = YES;
				CLANG_WARN__DUPLICATE_METHOD_MATCH = YES;
				CODE_SIGN_IDENTITY = "iPhone Developer";
				COPY_PHASE_STRIP = NO;
				DEBUG_INFORMATION_FORMAT = "dwarf-with-dsym";
				ENABLE_NS_ASSERTIONS = NO;
				ENABLE_STRICT_OBJC_MSGSEND = YES;
				GCC_C_LANGUAGE_STANDARD = gnu11;
				GCC_NO_COMMON_BLOCKS = YES;
				GCC_WARN_64_TO_32_BIT_CONVERSION = YES;
				GCC_WARN_ABOUT_RETURN_TYPE = YES_ERROR;
				GCC_WARN_UNDECLARED_SELECTOR = YES;
				GCC_WARN_UNINITIALIZED_AUTOS = YES_AGGRESSIVE;
				GCC_WARN_UNUSED_FUNCTION = YES;
				GCC_WARN_UNUSED_VARIABLE = YES;
				IPHONEOS_DEPLOYMENT_TARGET = 12.2;
				MTL_ENABLE_DEBUG_INFO = NO;
				MTL_FAST_MATH = YES;
				SDKROOT = iphoneos;
				VALIDATE_PRODUCT = YES;
			};
			name = Release;
		};
		55479C3922D102FC006C2DF5 /* Debug */ = {
			isa = XCBuildConfiguration;
			buildSettings = {
				ASSETCATALOG_COMPILER_APPICON_NAME = AppIcon;
				CODE_SIGN_STYLE = Automatic;
				DEVELOPMENT_TEAM = 73RA2BRJSV;
				INFOPLIST_FILE = AshHookObjcMsgSend/Info.plist;
				LD_RUNPATH_SEARCH_PATHS = (
					"$(inherited)",
					"@executable_path/Frameworks",
				);
				PRODUCT_BUNDLE_IDENTIFIER = CrimsonHo.AshHookObjcMsgSend;
				PRODUCT_NAME = "$(TARGET_NAME)";
				TARGETED_DEVICE_FAMILY = "1,2";
			};
			name = Debug;
		};
		55479C3A22D102FC006C2DF5 /* Release */ = {
			isa = XCBuildConfiguration;
			buildSettings = {
				ASSETCATALOG_COMPILER_APPICON_NAME = AppIcon;
				CODE_SIGN_STYLE = Automatic;
				DEVELOPMENT_TEAM = 73RA2BRJSV;
				INFOPLIST_FILE = AshHookObjcMsgSend/Info.plist;
				LD_RUNPATH_SEARCH_PATHS = (
					"$(inherited)",
					"@executable_path/Frameworks",
				);
				PRODUCT_BUNDLE_IDENTIFIER = CrimsonHo.AshHookObjcMsgSend;
				PRODUCT_NAME = "$(TARGET_NAME)";
				TARGETED_DEVICE_FAMILY = "1,2";
			};
			name = Release;
		};
/* End XCBuildConfiguration section */

/* Begin XCConfigurationList section */
		55479C1D22D102FB006C2DF5 /* Build configuration list for PBXProject "AshHookObjcMsgSend" */ = {
			isa = XCConfigurationList;
			buildConfigurations = (
				55479C3622D102FC006C2DF5 /* Debug */,
				55479C3722D102FC006C2DF5 /* Release */,
			);
			defaultConfigurationIsVisible = 0;
			defaultConfigurationName = Release;
		};
		55479C3822D102FC006C2DF5 /* Build configuration list for PBXNativeTarget "AshHookObjcMsgSend" */ = {
			isa = XCConfigurationList;
			buildConfigurations = (
				55479C3922D102FC006C2DF5 /* Debug */,
				55479C3A22D102FC006C2DF5 /* Release */,
			);
			defaultConfigurationIsVisible = 0;
			defaultConfigurationName = Release;
		};
/* End XCConfigurationList section */
	};
	rootObject = 55479C1A22D102FB006C2DF5 /* Project object */;
}
